{
  "version": 4,
  "terraform_version": "0.13.3",
  "serial": 15,
  "lineage": "a03976f6-1679-b1dc-65f7-25960b70a487",
  "outputs": {},
  "resources": [
    {
      "mode": "data",
      "type": "aws_caller_identity",
      "name": "aws_account",
      "provider": "provider[\"registry.terraform.io/hashicorp/aws\"]",
      "instances": [
        {
          "schema_version": 0,
          "attributes": {
            "account_id": "779252038969",
            "arn": "arn:aws:iam::779252038969:user/admin",
            "id": "2020-10-03 16:58:47.039135897 +0000 UTC",
            "user_id": "AIDA3K3YKPU47PKXONJ2H"
          }
        }
      ]
    },
    {
      "mode": "managed",
      "type": "aws_s3_bucket",
      "name": "s3_test",
      "provider": "provider[\"registry.terraform.io/hashicorp/aws\"]",
      "instances": [
        {
          "schema_version": 0,
          "attributes": {
            "acceleration_status": "",
            "acl": "public-read",
            "arn": "arn:aws:s3:::rv1448-s3-lifecycle-779252038969",
            "bucket": "rv1448-s3-lifecycle-779252038969",
            "bucket_domain_name": "rv1448-s3-lifecycle-779252038969.s3.amazonaws.com",
            "bucket_prefix": null,
            "bucket_regional_domain_name": "rv1448-s3-lifecycle-779252038969.s3.us-east-2.amazonaws.com",
            "cors_rule": [],
            "force_destroy": false,
            "grant": [],
            "hosted_zone_id": "Z2O1EMRO9K5GLX",
            "id": "rv1448-s3-lifecycle-779252038969",
            "lifecycle_rule": [
              {
                "abort_incomplete_multipart_upload_days": 0,
                "enabled": true,
                "expiration": [
                  {
                    "date": "",
                    "days": 90,
                    "expired_object_delete_marker": false
                  }
                ],
                "id": "tf-s3-lifecycle-20201002034212901900000001",
                "noncurrent_version_expiration": [],
                "noncurrent_version_transition": [],
                "prefix": "files/",
                "tags": {},
                "transition": [
                  {
                    "date": "",
                    "days": 30,
                    "storage_class": "STANDARD_IA"
                  },
                  {
                    "date": "",
                    "days": 60,
                    "storage_class": "GLACIER"
                  }
                ]
              }
            ],
            "logging": [],
            "object_lock_configuration": [],
            "policy": null,
            "region": "us-east-2",
            "replication_configuration": [],
            "request_payer": "BucketOwner",
            "server_side_encryption_configuration": [],
            "tags": {
              "Tier": "STANDARD",
              "type": "LOG"
            },
            "versioning": [
              {
                "enabled": true,
                "mfa_delete": false
              }
            ],
            "website": [],
            "website_domain": null,
            "website_endpoint": null
          },
          "private": "bnVsbA==",
          "dependencies": [
            "data.aws_caller_identity.aws_account"
          ]
        }
      ]
    },
    {
      "mode": "managed",
      "type": "aws_s3_bucket_object",
      "name": "readme-file",
      "provider": "provider[\"registry.terraform.io/hashicorp/aws\"]",
      "instances": [
        {
          "schema_version": 0,
          "attributes": {
            "acl": "private",
            "bucket": "rv1448-s3-lifecycle-779252038969",
            "cache_control": "",
            "content": null,
            "content_base64": null,
            "content_disposition": "",
            "content_encoding": "",
            "content_language": "",
            "content_type": "binary/octet-stream",
            "etag": "7b7f804b42d1128c0a40c51cc84ca606",
            "force_destroy": false,
            "id": "files/readme.md",
            "key": "files/readme.md",
            "kms_key_id": null,
            "metadata": {},
            "object_lock_legal_hold_status": "",
            "object_lock_mode": "",
            "object_lock_retain_until_date": "",
            "server_side_encryption": "",
            "source": "../README.md",
            "storage_class": "STANDARD",
            "tags": {},
            "version_id": "kMzQMze7F8qekujtBfy5k7NUeu5VJK0l",
            "website_redirect": ""
          },
          "private": "bnVsbA==",
          "dependencies": [
            "aws_s3_bucket.s3_test"
          ]
        }
      ]
    },
    {
      "mode": "managed",
      "type": "aws_s3_bucket_policy",
      "name": "my_bucket_policy",
      "provider": "provider[\"registry.terraform.io/hashicorp/aws\"]",
      "instances": [
        {
          "schema_version": 0,
          "attributes": {
            "bucket": "rv1448-s3-lifecycle-779252038969",
            "id": "rv1448-s3-lifecycle-779252038969",
            "policy": "{\n        \"Version\": \"2012-10-17\",\n        \"Id\": \"MybucketPolicy\",\n        \"Statement\": [\n            {\n                \"Sid\": \"IPAllow\",\n                \"Effect\": \"Deny\",\n                \"Principal\": \"*\",\n                \"Action\": \"s3:*\",\n                \"Resource\": \"arn:aws:s3:::rv1448-s3-lifecycle-779252038969/*\"\n            }\n        ]\n}\n"
          },
          "private": "bnVsbA==",
          "dependencies": [
            "aws_s3_bucket.s3_test"
          ]
        }
      ]
    }
  ]
}
